
Microsoft Visual Studio Solution File, Format Version 12.00
# Visual Studio Version 17
VisualStudioVersion = 17.14.36705.20 d17.14
MinimumVisualStudioVersion = 10.0.40219.1
Project("{FAE04EC0-301F-11D3-BF4B-00C04F79EFBC}") = "FileSorter", "FileSorter\FileSorter.csproj", "{0CA482EC-6F70-465E-B4FB-FDECA5004F68}"
EndProject
Global
	GlobalSection(SolutionConfigurationPlatforms) = preSolution
		Debug|Any CPU = Debug|Any CPU
		Release|Any CPU = Release|Any CPU
	EndGlobalSection
	GlobalSection(ProjectConfigurationPlatforms) = postSolution
		{0CA482EC-6F70-465E-B4FB-FDECA5004F68}.Debug|Any CPU.ActiveCfg = Debug|Any CPU
		{0CA482EC-6F70-465E-B4FB-FDECA5004F68}.Debug|Any CPU.Build.0 = Debug|Any CPU
		{0CA482EC-6F70-465E-B4FB-FDECA5004F68}.Release|Any CPU.ActiveCfg = Release|Any CPU
		{0CA482EC-6F70-465E-B4FB-FDECA5004F68}.Release|Any CPU.Build.0 = Release|Any CPU
	EndGlobalSection
	GlobalSection(SolutionProperties) = preSolution
		HideSolutionNode = FALSE
	EndGlobalSection
	GlobalSection(ExtensibilityGlobals) = postSolution
		SolutionGuid = {6F38CA2B-C211-4FD4-9280-0932E4FFA73E}
	EndGlobalSection
EndGlobal
